
Microsoft Visual Studio Solution File, Format Version 12.00
# Visual Studio Version 17
VisualStudioVersion = 17.12.35527.113 d17.12
MinimumVisualStudioVersion = 10.0.40219.1
Project("{FAE04EC0-301F-11D3-BF4B-00C04F79EFBC}") = "MedReminder_core", "MedReminder_core\MedReminder_core.csproj", "{98716EF5-6C9F-46E2-95EC-7920BEB16F84}"
EndProject
Global
	GlobalSection(SolutionConfigurationPlatforms) = preSolution
		Debug|Any CPU = Debug|Any CPU
		Release|Any CPU = Release|Any CPU
	EndGlobalSection
	GlobalSection(ProjectConfigurationPlatforms) = postSolution
		{98716EF5-6C9F-46E2-95EC-7920BEB16F84}.Debug|Any CPU.ActiveCfg = Debug|Any CPU
		{98716EF5-6C9F-46E2-95EC-7920BEB16F84}.Debug|Any CPU.Build.0 = Debug|Any CPU
		{98716EF5-6C9F-46E2-95EC-7920BEB16F84}.Release|Any CPU.ActiveCfg = Release|Any CPU
		{98716EF5-6C9F-46E2-95EC-7920BEB16F84}.Release|Any CPU.Build.0 = Release|Any CPU
	EndGlobalSection
	GlobalSection(SolutionProperties) = preSolution
		HideSolutionNode = FALSE
	EndGlobalSection
EndGlobal
