
Microsoft Visual Studio Solution File, Format Version 12.00
# Visual Studio Version 17
VisualStudioVersion = 17.13.35931.197 d17.13
MinimumVisualStudioVersion = 10.0.40219.1
Project("{FAE04EC0-301F-11D3-BF4B-00C04F79EFBC}") = "MedReminder", "MedReminder\MedReminder.csproj", "{7E0AF2B8-0492-42CE-8CB1-F7EFF80C4CF6}"
EndProject
Global
	GlobalSection(SolutionConfigurationPlatforms) = preSolution
		Debug|Any CPU = Debug|Any CPU
		Release|Any CPU = Release|Any CPU
	EndGlobalSection
	GlobalSection(ProjectConfigurationPlatforms) = postSolution
		{7E0AF2B8-0492-42CE-8CB1-F7EFF80C4CF6}.Debug|Any CPU.ActiveCfg = Debug|Any CPU
		{7E0AF2B8-0492-42CE-8CB1-F7EFF80C4CF6}.Debug|Any CPU.Build.0 = Debug|Any CPU
		{7E0AF2B8-0492-42CE-8CB1-F7EFF80C4CF6}.Release|Any CPU.ActiveCfg = Release|Any CPU
		{7E0AF2B8-0492-42CE-8CB1-F7EFF80C4CF6}.Release|Any CPU.Build.0 = Release|Any CPU
	EndGlobalSection
	GlobalSection(SolutionProperties) = preSolution
		HideSolutionNode = FALSE
	EndGlobalSection
	GlobalSection(ExtensibilityGlobals) = postSolution
		SolutionGuid = {C86EC9DD-7147-4E89-8CFD-DDAB8B347FB6}
	EndGlobalSection
EndGlobal
